// !$*UTF8*$!
{
	archiveVersion = 1;
	classes = {
	};
	objectVersion = 55;
	objects = {

/* Begin PBXBuildFile section */
		046F2B9128CC679300594EB8 /* NetworkingManager.swift in Sources */ = {isa = PBXBuildFile; fileRef = 046F2B9028CC679300594EB8 /* NetworkingManager.swift */; };
		046F2B9328CC6B2600594EB8 /* Notes.swift in Sources */ = {isa = PBXBuildFile; fileRef = 046F2B9228CC6B2600594EB8 /* Notes.swift */; };
		046F2B9528CC71BB00594EB8 /* NotesDataService.swift in Sources */ = {isa = PBXBuildFile; fileRef = 046F2B9428CC71BA00594EB8 /* NotesDataService.swift */; };
		046F2B9728CC747B00594EB8 /* NotesViewModel.swift in Sources */ = {isa = PBXBuildFile; fileRef = 046F2B9628CC747B00594EB8 /* NotesViewModel.swift */; };
		046F2B9928CCB6A400594EB8 /* NavigationController.swift in Sources */ = {isa = PBXBuildFile; fileRef = 046F2B9828CCB6A400594EB8 /* NavigationController.swift */; };
		046F2B9B28CCB9AB00594EB8 /* ColorExtension.swift in Sources */ = {isa = PBXBuildFile; fileRef = 046F2B9A28CCB9AB00594EB8 /* ColorExtension.swift */; };
		046F2B9D28CCBCBF00594EB8 /* TextArea.swift in Sources */ = {isa = PBXBuildFile; fileRef = 046F2B9C28CCBCBF00594EB8 /* TextArea.swift */; };
		046F2B9F28CCD75000594EB8 /* GetAttributeString.swift in Sources */ = {isa = PBXBuildFile; fileRef = 046F2B9E28CCD75000594EB8 /* GetAttributeString.swift */; };
		046F2BA128CCE18C00594EB8 /* ButtonComponent.swift in Sources */ = {isa = PBXBuildFile; fileRef = 046F2BA028CCE18C00594EB8 /* ButtonComponent.swift */; };
		046F2BA328CCE28E00594EB8 /* BlurView.swift in Sources */ = {isa = PBXBuildFile; fileRef = 046F2BA228CCE28E00594EB8 /* BlurView.swift */; };
		0478D0F128CDE2F4000FB6E3 /* HapticManager.swift in Sources */ = {isa = PBXBuildFile; fileRef = 0478D0F028CDE2F4000FB6E3 /* HapticManager.swift */; };
		04BAA14628CC5ECD00CC6972 /* QuickNoteApp.swift in Sources */ = {isa = PBXBuildFile; fileRef = 04BAA14528CC5ECD00CC6972 /* QuickNoteApp.swift */; };
		04BAA14828CC5ECD00CC6972 /* ContentView.swift in Sources */ = {isa = PBXBuildFile; fileRef = 04BAA14728CC5ECD00CC6972 /* ContentView.swift */; };
		04BAA14A28CC5ED500CC6972 /* Assets.xcassets in Resources */ = {isa = PBXBuildFile; fileRef = 04BAA14928CC5ED500CC6972 /* Assets.xcassets */; };
		04BAA14D28CC5ED500CC6972 /* Preview Assets.xcassets in Resources */ = {isa = PBXBuildFile; fileRef = 04BAA14C28CC5ED500CC6972 /* Preview Assets.xcassets */; };
		04BAA15728CC612C00CC6972 /* HomeView.swift in Sources */ = {isa = PBXBuildFile; fileRef = 04BAA15628CC612C00CC6972 /* HomeView.swift */; };
		04BAA15928CC613A00CC6972 /* DetailView.swift in Sources */ = {isa = PBXBuildFile; fileRef = 04BAA15828CC613A00CC6972 /* DetailView.swift */; };
		04BAA15B28CC615000CC6972 /* NoteCreationView.swift in Sources */ = {isa = PBXBuildFile; fileRef = 04BAA15A28CC615000CC6972 /* NoteCreationView.swift */; };
		04BAA16628CC630E00CC6972 /* Card.swift in Sources */ = {isa = PBXBuildFile; fileRef = 04BAA16528CC630E00CC6972 /* Card.swift */; };
		04C17F9E28CDAD020044DDE4 /* PreviewProvider.swift in Sources */ = {isa = PBXBuildFile; fileRef = 04C17F9D28CDAD020044DDE4 /* PreviewProvider.swift */; };
		04C17FA028CDBB190044DDE4 /* ImageLoaderService.swift in Sources */ = {isa = PBXBuildFile; fileRef = 04C17F9F28CDBB190044DDE4 /* ImageLoaderService.swift */; };
		04C17FA228CDC1BD0044DDE4 /* ImageLoaderViewModel.swift in Sources */ = {isa = PBXBuildFile; fileRef = 04C17FA128CDC1BD0044DDE4 /* ImageLoaderViewModel.swift */; };
		04C17FA428CDC5950044DDE4 /* ImageView.swift in Sources */ = {isa = PBXBuildFile; fileRef = 04C17FA328CDC5950044DDE4 /* ImageView.swift */; };
		04C17FA628CDD6F10044DDE4 /* ImageGallery.swift in Sources */ = {isa = PBXBuildFile; fileRef = 04C17FA528CDD6F10044DDE4 /* ImageGallery.swift */; };
		04C17FA828CDD8440044DDE4 /* GalleryComponent.swift in Sources */ = {isa = PBXBuildFile; fileRef = 04C17FA728CDD8440044DDE4 /* GalleryComponent.swift */; };
/* End PBXBuildFile section */

/* Begin PBXFileReference section */
		046F2B9028CC679300594EB8 /* NetworkingManager.swift */ = {isa = PBXFileReference; lastKnownFileType = sourcecode.swift; path = NetworkingManager.swift; sourceTree = "<group>"; };
		046F2B9228CC6B2600594EB8 /* Notes.swift */ = {isa = PBXFileReference; lastKnownFileType = sourcecode.swift; path = Notes.swift; sourceTree = "<group>"; };
		046F2B9428CC71BA00594EB8 /* NotesDataService.swift */ = {isa = PBXFileReference; lastKnownFileType = sourcecode.swift; path = NotesDataService.swift; sourceTree = "<group>"; };
		046F2B9628CC747B00594EB8 /* NotesViewModel.swift */ = {isa = PBXFileReference; lastKnownFileType = sourcecode.swift; path = NotesViewModel.swift; sourceTree = "<group>"; };
		046F2B9828CCB6A400594EB8 /* NavigationController.swift */ = {isa = PBXFileReference; lastKnownFileType = sourcecode.swift; path = NavigationController.swift; sourceTree = "<group>"; };
		046F2B9A28CCB9AB00594EB8 /* ColorExtension.swift */ = {isa = PBXFileReference; lastKnownFileType = sourcecode.swift; path = ColorExtension.swift; sourceTree = "<group>"; };
		046F2B9C28CCBCBF00594EB8 /* TextArea.swift */ = {isa = PBXFileReference; lastKnownFileType = sourcecode.swift; path = TextArea.swift; sourceTree = "<group>"; };
		046F2B9E28CCD75000594EB8 /* GetAttributeString.swift */ = {isa = PBXFileReference; lastKnownFileType = sourcecode.swift; path = GetAttributeString.swift; sourceTree = "<group>"; };
		046F2BA028CCE18C00594EB8 /* ButtonComponent.swift */ = {isa = PBXFileReference; lastKnownFileType = sourcecode.swift; path = ButtonComponent.swift; sourceTree = "<group>"; };
		046F2BA228CCE28E00594EB8 /* BlurView.swift */ = {isa = PBXFileReference; lastKnownFileType = sourcecode.swift; path = BlurView.swift; sourceTree = "<group>"; };
		0478D0F028CDE2F4000FB6E3 /* HapticManager.swift */ = {isa = PBXFileReference; lastKnownFileType = sourcecode.swift; path = HapticManager.swift; sourceTree = "<group>"; };
		04BAA14228CC5ECD00CC6972 /* QuickNote.app */ = {isa = PBXFileReference; explicitFileType = wrapper.application; includeInIndex = 0; path = QuickNote.app; sourceTree = BUILT_PRODUCTS_DIR; };
		04BAA14528CC5ECD00CC6972 /* QuickNoteApp.swift */ = {isa = PBXFileReference; lastKnownFileType = sourcecode.swift; path = QuickNoteApp.swift; sourceTree = "<group>"; };
		04BAA14728CC5ECD00CC6972 /* ContentView.swift */ = {isa = PBXFileReference; lastKnownFileType = sourcecode.swift; path = ContentView.swift; sourceTree = "<group>"; };
		04BAA14928CC5ED500CC6972 /* Assets.xcassets */ = {isa = PBXFileReference; lastKnownFileType = folder.assetcatalog; path = Assets.xcassets; sourceTree = "<group>"; };
		04BAA14C28CC5ED500CC6972 /* Preview Assets.xcassets */ = {isa = PBXFileReference; lastKnownFileType = folder.assetcatalog; path = "Preview Assets.xcassets"; sourceTree = "<group>"; };
		04BAA15628CC612C00CC6972 /* HomeView.swift */ = {isa = PBXFileReference; lastKnownFileType = sourcecode.swift; path = HomeView.swift; sourceTree = "<group>"; };
		04BAA15828CC613A00CC6972 /* DetailView.swift */ = {isa = PBXFileReference; lastKnownFileType = sourcecode.swift; path = DetailView.swift; sourceTree = "<group>"; };
		04BAA15A28CC615000CC6972 /* NoteCreationView.swift */ = {isa = PBXFileReference; lastKnownFileType = sourcecode.swift; path = NoteCreationView.swift; sourceTree = "<group>"; };
		04BAA16528CC630E00CC6972 /* Card.swift */ = {isa = PBXFileReference; lastKnownFileType = sourcecode.swift; path = Card.swift; sourceTree = "<group>"; };
		04C17F9D28CDAD020044DDE4 /* PreviewProvider.swift */ = {isa = PBXFileReference; lastKnownFileType = sourcecode.swift; path = PreviewProvider.swift; sourceTree = "<group>"; };
		04C17F9F28CDBB190044DDE4 /* ImageLoaderService.swift */ = {isa = PBXFileReference; lastKnownFileType = sourcecode.swift; path = ImageLoaderService.swift; sourceTree = "<group>"; };
		04C17FA128CDC1BD0044DDE4 /* ImageLoaderViewModel.swift */ = {isa = PBXFileReference; lastKnownFileType = sourcecode.swift; path = ImageLoaderViewModel.swift; sourceTree = "<group>"; };
		04C17FA328CDC5950044DDE4 /* ImageView.swift */ = {isa = PBXFileReference; lastKnownFileType = sourcecode.swift; path = ImageView.swift; sourceTree = "<group>"; };
		04C17FA528CDD6F10044DDE4 /* ImageGallery.swift */ = {isa = PBXFileReference; lastKnownFileType = sourcecode.swift; path = ImageGallery.swift; sourceTree = "<group>"; };
		04C17FA728CDD8440044DDE4 /* GalleryComponent.swift */ = {isa = PBXFileReference; lastKnownFileType = sourcecode.swift; path = GalleryComponent.swift; sourceTree = "<group>"; };
/* End PBXFileReference section */

/* Begin PBXFrameworksBuildPhase section */
		04BAA13F28CC5ECD00CC6972 /* Frameworks */ = {
			isa = PBXFrameworksBuildPhase;
			buildActionMask = 2147483647;
			files = (
			);
			runOnlyForDeploymentPostprocessing = 0;
		};
/* End PBXFrameworksBuildPhase section */

/* Begin PBXGroup section */
		04BAA13928CC5ECD00CC6972 = {
			isa = PBXGroup;
			children = (
				04BAA14428CC5ECD00CC6972 /* QuickNote */,
				04BAA14328CC5ECD00CC6972 /* Products */,
			);
			sourceTree = "<group>";
		};
		04BAA14328CC5ECD00CC6972 /* Products */ = {
			isa = PBXGroup;
			children = (
				04BAA14228CC5ECD00CC6972 /* QuickNote.app */,
			);
			name = Products;
			sourceTree = "<group>";
		};
		04BAA14428CC5ECD00CC6972 /* QuickNote */ = {
			isa = PBXGroup;
			children = (
				04BAA15F28CC622300CC6972 /* Utilities */,
				04BAA15E28CC621D00CC6972 /* Extension */,
				04BAA15D28CC621100CC6972 /* Services */,
				04BAA15C28CC61F900CC6972 /* Core */,
				04BAA14528CC5ECD00CC6972 /* QuickNoteApp.swift */,
				04BAA14728CC5ECD00CC6972 /* ContentView.swift */,
				04BAA14928CC5ED500CC6972 /* Assets.xcassets */,
				04BAA14B28CC5ED500CC6972 /* Preview Content */,
			);
			path = QuickNote;
			sourceTree = "<group>";
		};
		04BAA14B28CC5ED500CC6972 /* Preview Content */ = {
			isa = PBXGroup;
			children = (
				04BAA14C28CC5ED500CC6972 /* Preview Assets.xcassets */,
			);
			path = "Preview Content";
			sourceTree = "<group>";
		};
		04BAA15528CC60E800CC6972 /* Model */ = {
			isa = PBXGroup;
			children = (
				046F2B9228CC6B2600594EB8 /* Notes.swift */,
			);
			path = Model;
			sourceTree = "<group>";
		};
		04BAA15C28CC61F900CC6972 /* Core */ = {
			isa = PBXGroup;
			children = (
				04BAA16028CC623D00CC6972 /* Components */,
				04BAA15528CC60E800CC6972 /* Model */,
				04BAA16428CC62CB00CC6972 /* View */,
				04BAA16328CC62C500CC6972 /* ViewModel */,
			);
			path = Core;
			sourceTree = "<group>";
		};
		04BAA15D28CC621100CC6972 /* Services */ = {
			isa = PBXGroup;
			children = (
				046F2B9428CC71BA00594EB8 /* NotesDataService.swift */,
				04C17F9F28CDBB190044DDE4 /* ImageLoaderService.swift */,
			);
			path = Services;
			sourceTree = "<group>";
		};
		04BAA15E28CC621D00CC6972 /* Extension */ = {
			isa = PBXGroup;
			children = (
				046F2B9828CCB6A400594EB8 /* NavigationController.swift */,
				046F2B9A28CCB9AB00594EB8 /* ColorExtension.swift */,
				04C17F9D28CDAD020044DDE4 /* PreviewProvider.swift */,
			);
			path = Extension;
			sourceTree = "<group>";
		};
		04BAA15F28CC622300CC6972 /* Utilities */ = {
			isa = PBXGroup;
			children = (
				046F2B9028CC679300594EB8 /* NetworkingManager.swift */,
				046F2B9C28CCBCBF00594EB8 /* TextArea.swift */,
				046F2B9E28CCD75000594EB8 /* GetAttributeString.swift */,
				046F2BA228CCE28E00594EB8 /* BlurView.swift */,
				0478D0F028CDE2F4000FB6E3 /* HapticManager.swift */,
			);
			path = Utilities;
			sourceTree = "<group>";
		};
		04BAA16028CC623D00CC6972 /* Components */ = {
			isa = PBXGroup;
			children = (
				04BAA16528CC630E00CC6972 /* Card.swift */,
				046F2BA028CCE18C00594EB8 /* ButtonComponent.swift */,
				04C17FA328CDC5950044DDE4 /* ImageView.swift */,
				04C17FA728CDD8440044DDE4 /* GalleryComponent.swift */,
			);
			path = Components;
			sourceTree = "<group>";
		};
		04BAA16328CC62C500CC6972 /* ViewModel */ = {
			isa = PBXGroup;
			children = (
				046F2B9628CC747B00594EB8 /* NotesViewModel.swift */,
				04C17FA128CDC1BD0044DDE4 /* ImageLoaderViewModel.swift */,
			);
			path = ViewModel;
			sourceTree = "<group>";
		};
		04BAA16428CC62CB00CC6972 /* View */ = {
			isa = PBXGroup;
			children = (
				04BAA15628CC612C00CC6972 /* HomeView.swift */,
				04BAA15828CC613A00CC6972 /* DetailView.swift */,
				04BAA15A28CC615000CC6972 /* NoteCreationView.swift */,
				04C17FA528CDD6F10044DDE4 /* ImageGallery.swift */,
			);
			path = View;
			sourceTree = "<group>";
		};
/* End PBXGroup section */

/* Begin PBXNativeTarget section */
		04BAA14128CC5ECD00CC6972 /* QuickNote */ = {
			isa = PBXNativeTarget;
			buildConfigurationList = 04BAA15028CC5ED500CC6972 /* Build configuration list for PBXNativeTarget "QuickNote" */;
			buildPhases = (
				04BAA13E28CC5ECD00CC6972 /* Sources */,
				04BAA13F28CC5ECD00CC6972 /* Frameworks */,
				04BAA14028CC5ECD00CC6972 /* Resources */,
			);
			buildRules = (
			);
			dependencies = (
			);
			name = QuickNote;
			productName = QuickNote;
			productReference = 04BAA14228CC5ECD00CC6972 /* QuickNote.app */;
			productType = "com.apple.product-type.application";
		};
/* End PBXNativeTarget section */

/* Begin PBXProject section */
		04BAA13A28CC5ECD00CC6972 /* Project object */ = {
			isa = PBXProject;
			attributes = {
				BuildIndependentTargetsInParallel = 1;
				LastSwiftUpdateCheck = 1340;
				LastUpgradeCheck = 1340;
				TargetAttributes = {
					04BAA14128CC5ECD00CC6972 = {
						CreatedOnToolsVersion = 13.4.1;
					};
				};
			};
			buildConfigurationList = 04BAA13D28CC5ECD00CC6972 /* Build configuration list for PBXProject "QuickNote" */;
			compatibilityVersion = "Xcode 13.0";
			developmentRegion = en;
			hasScannedForEncodings = 0;
			knownRegions = (
				en,
				Base,
			);
			mainGroup = 04BAA13928CC5ECD00CC6972;
			productRefGroup = 04BAA14328CC5ECD00CC6972 /* Products */;
			projectDirPath = "";
			projectRoot = "";
			targets = (
				04BAA14128CC5ECD00CC6972 /* QuickNote */,
			);
		};
/* End PBXProject section */

/* Begin PBXResourcesBuildPhase section */
		04BAA14028CC5ECD00CC6972 /* Resources */ = {
			isa = PBXResourcesBuildPhase;
			buildActionMask = 2147483647;
			files = (
				04BAA14D28CC5ED500CC6972 /* Preview Assets.xcassets in Resources */,
				04BAA14A28CC5ED500CC6972 /* Assets.xcassets in Resources */,
			);
			runOnlyForDeploymentPostprocessing = 0;
		};
/* End PBXResourcesBuildPhase section */

/* Begin PBXSourcesBuildPhase section */
		04BAA13E28CC5ECD00CC6972 /* Sources */ = {
			isa = PBXSourcesBuildPhase;
			buildActionMask = 2147483647;
			files = (
				04C17FA428CDC5950044DDE4 /* ImageView.swift in Sources */,
				04C17FA028CDBB190044DDE4 /* ImageLoaderService.swift in Sources */,
				046F2B9928CCB6A400594EB8 /* NavigationController.swift in Sources */,
				046F2BA128CCE18C00594EB8 /* ButtonComponent.swift in Sources */,
				046F2B9D28CCBCBF00594EB8 /* TextArea.swift in Sources */,
				04BAA15728CC612C00CC6972 /* HomeView.swift in Sources */,
				04BAA16628CC630E00CC6972 /* Card.swift in Sources */,
				04C17FA228CDC1BD0044DDE4 /* ImageLoaderViewModel.swift in Sources */,
				046F2B9B28CCB9AB00594EB8 /* ColorExtension.swift in Sources */,
				04BAA15928CC613A00CC6972 /* DetailView.swift in Sources */,
				04C17FA828CDD8440044DDE4 /* GalleryComponent.swift in Sources */,
				04BAA15B28CC615000CC6972 /* NoteCreationView.swift in Sources */,
				04BAA14828CC5ECD00CC6972 /* ContentView.swift in Sources */,
				04C17FA628CDD6F10044DDE4 /* ImageGallery.swift in Sources */,
				046F2BA328CCE28E00594EB8 /* BlurView.swift in Sources */,
				04C17F9E28CDAD020044DDE4 /* PreviewProvider.swift in Sources */,
				04BAA14628CC5ECD00CC6972 /* QuickNoteApp.swift in Sources */,
				0478D0F128CDE2F4000FB6E3 /* HapticManager.swift in Sources */,
				046F2B9728CC747B00594EB8 /* NotesViewModel.swift in Sources */,
				046F2B9528CC71BB00594EB8 /* NotesDataService.swift in Sources */,
				046F2B9128CC679300594EB8 /* NetworkingManager.swift in Sources */,
				046F2B9F28CCD75000594EB8 /* GetAttributeString.swift in Sources */,
				046F2B9328CC6B2600594EB8 /* Notes.swift in Sources */,
			);
			runOnlyForDeploymentPostprocessing = 0;
		};
/* End PBXSourcesBuildPhase section */

/* Begin XCBuildConfiguration section */
		04BAA14E28CC5ED500CC6972 /* Debug */ = {
			isa = XCBuildConfiguration;
			buildSettings = {
				ALWAYS_SEARCH_USER_PATHS = NO;
				CLANG_ANALYZER_NONNULL = YES;
				CLANG_ANALYZER_NUMBER_OBJECT_CONVERSION = YES_AGGRESSIVE;
				CLANG_CXX_LANGUAGE_STANDARD = "gnu++17";
				CLANG_ENABLE_MODULES = YES;
				CLANG_ENABLE_OBJC_ARC = YES;
				CLANG_ENABLE_OBJC_WEAK = YES;
				CLANG_WARN_BLOCK_CAPTURE_AUTORELEASING = YES;
				CLANG_WARN_BOOL_CONVERSION = YES;
				CLANG_WARN_COMMA = YES;
				CLANG_WARN_CONSTANT_CONVERSION = YES;
				CLANG_WARN_DEPRECATED_OBJC_IMPLEMENTATIONS = YES;
				CLANG_WARN_DIRECT_OBJC_ISA_USAGE = YES_ERROR;
				CLANG_WARN_DOCUMENTATION_COMMENTS = YES;
				CLANG_WARN_EMPTY_BODY = YES;
				CLANG_WARN_ENUM_CONVERSION = YES;
				CLANG_WARN_INFINITE_RECURSION = YES;
				CLANG_WARN_INT_CONVERSION = YES;
				CLANG_WARN_NON_LITERAL_NULL_CONVERSION = YES;
				CLANG_WARN_OBJC_IMPLICIT_RETAIN_SELF = YES;
				CLANG_WARN_OBJC_LITERAL_CONVERSION = YES;
				CLANG_WARN_OBJC_ROOT_CLASS = YES_ERROR;
				CLANG_WARN_QUOTED_INCLUDE_IN_FRAMEWORK_HEADER = YES;
				CLANG_WARN_RANGE_LOOP_ANALYSIS = YES;
				CLANG_WARN_STRICT_PROTOTYPES = YES;
				CLANG_WARN_SUSPICIOUS_MOVE = YES;
				CLANG_WARN_UNGUARDED_AVAILABILITY = YES_AGGRESSIVE;
				CLANG_WARN_UNREACHABLE_CODE = YES;
				CLANG_WARN__DUPLICATE_METHOD_MATCH = YES;
				COPY_PHASE_STRIP = NO;
				DEBUG_INFORMATION_FORMAT = dwarf;
				ENABLE_STRICT_OBJC_MSGSEND = YES;
				ENABLE_TESTABILITY = YES;
				GCC_C_LANGUAGE_STANDARD = gnu11;
				GCC_DYNAMIC_NO_PIC = NO;
				GCC_NO_COMMON_BLOCKS = YES;
				GCC_OPTIMIZATION_LEVEL = 0;
				GCC_PREPROCESSOR_DEFINITIONS = (
					"DEBUG=1",
					"$(inherited)",
				);
				GCC_WARN_64_TO_32_BIT_CONVERSION = YES;
				GCC_WARN_ABOUT_RETURN_TYPE = YES_ERROR;
				GCC_WARN_UNDECLARED_SELECTOR = YES;
				GCC_WARN_UNINITIALIZED_AUTOS = YES_AGGRESSIVE;
				GCC_WARN_UNUSED_FUNCTION = YES;
				GCC_WARN_UNUSED_VARIABLE = YES;
				IPHONEOS_DEPLOYMENT_TARGET = 15.5;
				MTL_ENABLE_DEBUG_INFO = INCLUDE_SOURCE;
				MTL_FAST_MATH = YES;
				ONLY_ACTIVE_ARCH = YES;
				SDKROOT = iphoneos;
				SWIFT_ACTIVE_COMPILATION_CONDITIONS = DEBUG;
				SWIFT_OPTIMIZATION_LEVEL = "-Onone";
			};
			name = Debug;
		};
		04BAA14F28CC5ED500CC6972 /* Release */ = {
			isa = XCBuildConfiguration;
			buildSettings = {
				ALWAYS_SEARCH_USER_PATHS = NO;
				CLANG_ANALYZER_NONNULL = YES;
				CLANG_ANALYZER_NUMBER_OBJECT_CONVERSION = YES_AGGRESSIVE;
				CLANG_CXX_LANGUAGE_STANDARD = "gnu++17";
				CLANG_ENABLE_MODULES = YES;
				CLANG_ENABLE_OBJC_ARC = YES;
				CLANG_ENABLE_OBJC_WEAK = YES;
				CLANG_WARN_BLOCK_CAPTURE_AUTORELEASING = YES;
				CLANG_WARN_BOOL_CONVERSION = YES;
				CLANG_WARN_COMMA = YES;
				CLANG_WARN_CONSTANT_CONVERSION = YES;
				CLANG_WARN_DEPRECATED_OBJC_IMPLEMENTATIONS = YES;
				CLANG_WARN_DIRECT_OBJC_ISA_USAGE = YES_ERROR;
				CLANG_WARN_DOCUMENTATION_COMMENTS = YES;
				CLANG_WARN_EMPTY_BODY = YES;
				CLANG_WARN_ENUM_CONVERSION = YES;
				CLANG_WARN_INFINITE_RECURSION = YES;
				CLANG_WARN_INT_CONVERSION = YES;
				CLANG_WARN_NON_LITERAL_NULL_CONVERSION = YES;
				CLANG_WARN_OBJC_IMPLICIT_RETAIN_SELF = YES;
				CLANG_WARN_OBJC_LITERAL_CONVERSION = YES;
				CLANG_WARN_OBJC_ROOT_CLASS = YES_ERROR;
				CLANG_WARN_QUOTED_INCLUDE_IN_FRAMEWORK_HEADER = YES;
				CLANG_WARN_RANGE_LOOP_ANALYSIS = YES;
				CLANG_WARN_STRICT_PROTOTYPES = YES;
				CLANG_WARN_SUSPICIOUS_MOVE = YES;
				CLANG_WARN_UNGUARDED_AVAILABILITY = YES_AGGRESSIVE;
				CLANG_WARN_UNREACHABLE_CODE = YES;
				CLANG_WARN__DUPLICATE_METHOD_MATCH = YES;
				COPY_PHASE_STRIP = NO;
				DEBUG_INFORMATION_FORMAT = "dwarf-with-dsym";
				ENABLE_NS_ASSERTIONS = NO;
				ENABLE_STRICT_OBJC_MSGSEND = YES;
				GCC_C_LANGUAGE_STANDARD = gnu11;
				GCC_NO_COMMON_BLOCKS = YES;
				GCC_WARN_64_TO_32_BIT_CONVERSION = YES;
				GCC_WARN_ABOUT_RETURN_TYPE = YES_ERROR;
				GCC_WARN_UNDECLARED_SELECTOR = YES;
				GCC_WARN_UNINITIALIZED_AUTOS = YES_AGGRESSIVE;
				GCC_WARN_UNUSED_FUNCTION = YES;
				GCC_WARN_UNUSED_VARIABLE = YES;
				IPHONEOS_DEPLOYMENT_TARGET = 15.5;
				MTL_ENABLE_DEBUG_INFO = NO;
				MTL_FAST_MATH = YES;
				SDKROOT = iphoneos;
				SWIFT_COMPILATION_MODE = wholemodule;
				SWIFT_OPTIMIZATION_LEVEL = "-O";
				VALIDATE_PRODUCT = YES;
			};
			name = Release;
		};
		04BAA15128CC5ED500CC6972 /* Debug */ = {
			isa = XCBuildConfiguration;
			buildSettings = {
				ASSETCATALOG_COMPILER_APPICON_NAME = AppIcon;
				ASSETCATALOG_COMPILER_GLOBAL_ACCENT_COLOR_NAME = AccentColor;
				CODE_SIGN_STYLE = Automatic;
				CURRENT_PROJECT_VERSION = 1;
				DEVELOPMENT_ASSET_PATHS = "\"QuickNote/Preview Content\"";
				DEVELOPMENT_TEAM = YHZVJQ792Q;
				ENABLE_PREVIEWS = YES;
				GENERATE_INFOPLIST_FILE = YES;
				INFOPLIST_KEY_UIApplicationSceneManifest_Generation = YES;
				INFOPLIST_KEY_UIApplicationSupportsIndirectInputEvents = YES;
				INFOPLIST_KEY_UILaunchScreen_Generation = YES;
				INFOPLIST_KEY_UISupportedInterfaceOrientations_iPad = "UIInterfaceOrientationPortrait UIInterfaceOrientationPortraitUpsideDown UIInterfaceOrientationLandscapeLeft UIInterfaceOrientationLandscapeRight";
				INFOPLIST_KEY_UISupportedInterfaceOrientations_iPhone = "UIInterfaceOrientationPortrait UIInterfaceOrientationLandscapeLeft UIInterfaceOrientationLandscapeRight";
				LD_RUNPATH_SEARCH_PATHS = (
					"$(inherited)",
					"@executable_path/Frameworks",
				);
				MARKETING_VERSION = 1.0;
				PRODUCT_BUNDLE_IDENTIFIER = blacenova.QuickNote;
				PRODUCT_NAME = "$(TARGET_NAME)";
				SWIFT_EMIT_LOC_STRINGS = YES;
				SWIFT_VERSION = 5.0;
				TARGETED_DEVICE_FAMILY = "1,2";
			};
			name = Debug;
		};
		04BAA15228CC5ED500CC6972 /* Release */ = {
			isa = XCBuildConfiguration;
			buildSettings = {
				ASSETCATALOG_COMPILER_APPICON_NAME = AppIcon;
				ASSETCATALOG_COMPILER_GLOBAL_ACCENT_COLOR_NAME = AccentColor;
				CODE_SIGN_STYLE = Automatic;
				CURRENT_PROJECT_VERSION = 1;
				DEVELOPMENT_ASSET_PATHS = "\"QuickNote/Preview Content\"";
				DEVELOPMENT_TEAM = YHZVJQ792Q;
				ENABLE_PREVIEWS = YES;
				GENERATE_INFOPLIST_FILE = YES;
				INFOPLIST_KEY_UIApplicationSceneManifest_Generation = YES;
				INFOPLIST_KEY_UIApplicationSupportsIndirectInputEvents = YES;
				INFOPLIST_KEY_UILaunchScreen_Generation = YES;
				INFOPLIST_KEY_UISupportedInterfaceOrientations_iPad = "UIInterfaceOrientationPortrait UIInterfaceOrientationPortraitUpsideDown UIInterfaceOrientationLandscapeLeft UIInterfaceOrientationLandscapeRight";
				INFOPLIST_KEY_UISupportedInterfaceOrientations_iPhone = "UIInterfaceOrientationPortrait UIInterfaceOrientationLandscapeLeft UIInterfaceOrientationLandscapeRight";
				LD_RUNPATH_SEARCH_PATHS = (
					"$(inherited)",
					"@executable_path/Frameworks",
				);
				MARKETING_VERSION = 1.0;
				PRODUCT_BUNDLE_IDENTIFIER = blacenova.QuickNote;
				PRODUCT_NAME = "$(TARGET_NAME)";
				SWIFT_EMIT_LOC_STRINGS = YES;
				SWIFT_VERSION = 5.0;
				TARGETED_DEVICE_FAMILY = "1,2";
			};
			name = Release;
		};
/* End XCBuildConfiguration section */

/* Begin XCConfigurationList section */
		04BAA13D28CC5ECD00CC6972 /* Build configuration list for PBXProject "QuickNote" */ = {
			isa = XCConfigurationList;
			buildConfigurations = (
				04BAA14E28CC5ED500CC6972 /* Debug */,
				04BAA14F28CC5ED500CC6972 /* Release */,
			);
			defaultConfigurationIsVisible = 0;
			defaultConfigurationName = Release;
		};
		04BAA15028CC5ED500CC6972 /* Build configuration list for PBXNativeTarget "QuickNote" */ = {
			isa = XCConfigurationList;
			buildConfigurations = (
				04BAA15128CC5ED500CC6972 /* Debug */,
				04BAA15228CC5ED500CC6972 /* Release */,
			);
			defaultConfigurationIsVisible = 0;
			defaultConfigurationName = Release;
		};
/* End XCConfigurationList section */
	};
	rootObject = 04BAA13A28CC5ECD00CC6972 /* Project object */;
}
